
Microsoft Visual Studio Solution File, Format Version 12.00
# Visual Studio 15
Project("{FAE04EC0-301F-11D3-BF4B-00C04F79EFBC}") = "Assembly-CSharp", "Assembly-CSharp.csproj", "{C68BAFC4-4965-055F-452B-2836056BF620}"
EndProject
Project("{FAE04EC0-301F-11D3-BF4B-00C04F79EFBC}") = "Assembly-CSharp-Editor", "Assembly-CSharp-Editor.csproj", "{58B2AFAE-A30B-737E-45B1-8A86718AF546}"
EndProject
Global
	GlobalSection(SolutionConfigurationPlatforms) = preSolution
		Debug|Any CPU = Debug|Any CPU
		Release|Any CPU = Release|Any CPU
	EndGlobalSection
	GlobalSection(ProjectConfigurationPlatforms) = postSolution
		{C68BAFC4-4965-055F-452B-2836056BF620}.Debug|Any CPU.ActiveCfg = Debug|Any CPU
		{C68BAFC4-4965-055F-452B-2836056BF620}.Debug|Any CPU.Build.0 = Debug|Any CPU
		{C68BAFC4-4965-055F-452B-2836056BF620}.Release|Any CPU.ActiveCfg = Release|Any CPU
		{C68BAFC4-4965-055F-452B-2836056BF620}.Release|Any CPU.Build.0 = Release|Any CPU
		{58B2AFAE-A30B-737E-45B1-8A86718AF546}.Debug|Any CPU.ActiveCfg = Debug|Any CPU
		{58B2AFAE-A30B-737E-45B1-8A86718AF546}.Debug|Any CPU.Build.0 = Debug|Any CPU
		{58B2AFAE-A30B-737E-45B1-8A86718AF546}.Release|Any CPU.ActiveCfg = Release|Any CPU
		{58B2AFAE-A30B-737E-45B1-8A86718AF546}.Release|Any CPU.Build.0 = Release|Any CPU
	EndGlobalSection
	GlobalSection(SolutionProperties) = preSolution
		HideSolutionNode = FALSE
	EndGlobalSection
EndGlobal
