
Microsoft Visual Studio Solution File, Format Version 12.00
# Visual Studio 15
Project("{FAE04EC0-301F-11D3-BF4B-00C04F79EFBC}") = "Assembly-CSharp", "Assembly-CSharp.csproj", "{769C86BD-CC61-33E8-AE22-21597EED8B5C}"
EndProject
Project("{FAE04EC0-301F-11D3-BF4B-00C04F79EFBC}") = "Assembly-CSharp-Editor", "Assembly-CSharp-Editor.csproj", "{07D28227-15D0-7447-3A1C-ED8835873A08}"
EndProject
Global
	GlobalSection(SolutionConfigurationPlatforms) = preSolution
		Debug|Any CPU = Debug|Any CPU
		Release|Any CPU = Release|Any CPU
	EndGlobalSection
	GlobalSection(ProjectConfigurationPlatforms) = postSolution
		{769C86BD-CC61-33E8-AE22-21597EED8B5C}.Debug|Any CPU.ActiveCfg = Debug|Any CPU
		{769C86BD-CC61-33E8-AE22-21597EED8B5C}.Debug|Any CPU.Build.0 = Debug|Any CPU
		{769C86BD-CC61-33E8-AE22-21597EED8B5C}.Release|Any CPU.ActiveCfg = Release|Any CPU
		{769C86BD-CC61-33E8-AE22-21597EED8B5C}.Release|Any CPU.Build.0 = Release|Any CPU
		{07D28227-15D0-7447-3A1C-ED8835873A08}.Debug|Any CPU.ActiveCfg = Debug|Any CPU
		{07D28227-15D0-7447-3A1C-ED8835873A08}.Debug|Any CPU.Build.0 = Debug|Any CPU
		{07D28227-15D0-7447-3A1C-ED8835873A08}.Release|Any CPU.ActiveCfg = Release|Any CPU
		{07D28227-15D0-7447-3A1C-ED8835873A08}.Release|Any CPU.Build.0 = Release|Any CPU
	EndGlobalSection
	GlobalSection(SolutionProperties) = preSolution
		HideSolutionNode = FALSE
	EndGlobalSection
EndGlobal
