
Microsoft Visual Studio Solution File, Format Version 12.00
# Visual Studio 15
Project("{FAE04EC0-301F-11D3-BF4B-00C04F79EFBC}") = "Assembly-CSharp", "Assembly-CSharp.csproj", "{B80CFD94-3EB6-16E4-A833-64212842D0BB}"
EndProject
Project("{FAE04EC0-301F-11D3-BF4B-00C04F79EFBC}") = "Assembly-CSharp-Editor", "Assembly-CSharp-Editor.csproj", "{1487CBB0-BA47-B9EC-40C0-EE877DEBC7F2}"
EndProject
Global
	GlobalSection(SolutionConfigurationPlatforms) = preSolution
		Debug|Any CPU = Debug|Any CPU
		Release|Any CPU = Release|Any CPU
	EndGlobalSection
	GlobalSection(ProjectConfigurationPlatforms) = postSolution
		{B80CFD94-3EB6-16E4-A833-64212842D0BB}.Debug|Any CPU.ActiveCfg = Debug|Any CPU
		{B80CFD94-3EB6-16E4-A833-64212842D0BB}.Debug|Any CPU.Build.0 = Debug|Any CPU
		{B80CFD94-3EB6-16E4-A833-64212842D0BB}.Release|Any CPU.ActiveCfg = Release|Any CPU
		{B80CFD94-3EB6-16E4-A833-64212842D0BB}.Release|Any CPU.Build.0 = Release|Any CPU
		{1487CBB0-BA47-B9EC-40C0-EE877DEBC7F2}.Debug|Any CPU.ActiveCfg = Debug|Any CPU
		{1487CBB0-BA47-B9EC-40C0-EE877DEBC7F2}.Debug|Any CPU.Build.0 = Debug|Any CPU
		{1487CBB0-BA47-B9EC-40C0-EE877DEBC7F2}.Release|Any CPU.ActiveCfg = Release|Any CPU
		{1487CBB0-BA47-B9EC-40C0-EE877DEBC7F2}.Release|Any CPU.Build.0 = Release|Any CPU
	EndGlobalSection
	GlobalSection(SolutionProperties) = preSolution
		HideSolutionNode = FALSE
	EndGlobalSection
EndGlobal
