
Microsoft Visual Studio Solution File, Format Version 12.00
# Visual Studio 15
Project("{FAE04EC0-301F-11D3-BF4B-00C04F79EFBC}") = "Assembly-CSharp", "Assembly-CSharp.csproj", "{4CA6992F-108F-1234-6827-3C7825F0DB2D}"
EndProject
Project("{FAE04EC0-301F-11D3-BF4B-00C04F79EFBC}") = "Assembly-CSharp-Editor", "Assembly-CSharp-Editor.csproj", "{CF162F15-C089-3A19-123D-70B2F4A737C7}"
EndProject
Global
	GlobalSection(SolutionConfigurationPlatforms) = preSolution
		Debug|Any CPU = Debug|Any CPU
		Release|Any CPU = Release|Any CPU
	EndGlobalSection
	GlobalSection(ProjectConfigurationPlatforms) = postSolution
		{4CA6992F-108F-1234-6827-3C7825F0DB2D}.Debug|Any CPU.ActiveCfg = Debug|Any CPU
		{4CA6992F-108F-1234-6827-3C7825F0DB2D}.Debug|Any CPU.Build.0 = Debug|Any CPU
		{4CA6992F-108F-1234-6827-3C7825F0DB2D}.Release|Any CPU.ActiveCfg = Release|Any CPU
		{4CA6992F-108F-1234-6827-3C7825F0DB2D}.Release|Any CPU.Build.0 = Release|Any CPU
		{CF162F15-C089-3A19-123D-70B2F4A737C7}.Debug|Any CPU.ActiveCfg = Debug|Any CPU
		{CF162F15-C089-3A19-123D-70B2F4A737C7}.Debug|Any CPU.Build.0 = Debug|Any CPU
		{CF162F15-C089-3A19-123D-70B2F4A737C7}.Release|Any CPU.ActiveCfg = Release|Any CPU
		{CF162F15-C089-3A19-123D-70B2F4A737C7}.Release|Any CPU.Build.0 = Release|Any CPU
	EndGlobalSection
	GlobalSection(SolutionProperties) = preSolution
		HideSolutionNode = FALSE
	EndGlobalSection
EndGlobal
