
Microsoft Visual Studio Solution File, Format Version 12.00
# Visual Studio 15
Project("{FAE04EC0-301F-11D3-BF4B-00C04F79EFBC}") = "Assembly-CSharp", "Assembly-CSharp.csproj", "{9CC3690E-EE5E-7962-0449-79F3D08C4017}"
EndProject
Project("{FAE04EC0-301F-11D3-BF4B-00C04F79EFBC}") = "Assembly-CSharp-Editor", "Assembly-CSharp-Editor.csproj", "{D23D8917-9F1E-CA70-61EC-D366F878FA69}"
EndProject
Global
	GlobalSection(SolutionConfigurationPlatforms) = preSolution
		Debug|Any CPU = Debug|Any CPU
		Release|Any CPU = Release|Any CPU
	EndGlobalSection
	GlobalSection(ProjectConfigurationPlatforms) = postSolution
		{9CC3690E-EE5E-7962-0449-79F3D08C4017}.Debug|Any CPU.ActiveCfg = Debug|Any CPU
		{9CC3690E-EE5E-7962-0449-79F3D08C4017}.Debug|Any CPU.Build.0 = Debug|Any CPU
		{9CC3690E-EE5E-7962-0449-79F3D08C4017}.Release|Any CPU.ActiveCfg = Release|Any CPU
		{9CC3690E-EE5E-7962-0449-79F3D08C4017}.Release|Any CPU.Build.0 = Release|Any CPU
		{D23D8917-9F1E-CA70-61EC-D366F878FA69}.Debug|Any CPU.ActiveCfg = Debug|Any CPU
		{D23D8917-9F1E-CA70-61EC-D366F878FA69}.Debug|Any CPU.Build.0 = Debug|Any CPU
		{D23D8917-9F1E-CA70-61EC-D366F878FA69}.Release|Any CPU.ActiveCfg = Release|Any CPU
		{D23D8917-9F1E-CA70-61EC-D366F878FA69}.Release|Any CPU.Build.0 = Release|Any CPU
	EndGlobalSection
	GlobalSection(SolutionProperties) = preSolution
		HideSolutionNode = FALSE
	EndGlobalSection
EndGlobal
