
Microsoft Visual Studio Solution File, Format Version 12.00
# Visual Studio 15
Project("{FAE04EC0-301F-11D3-BF4B-00C04F79EFBC}") = "Assembly-CSharp", "Assembly-CSharp.csproj", "{186AEAE5-E82D-6C6E-9CF0-011BE48C1A9C}"
EndProject
Project("{FAE04EC0-301F-11D3-BF4B-00C04F79EFBC}") = "Assembly-CSharp-Editor", "Assembly-CSharp-Editor.csproj", "{21F1AC40-4EC7-C2F6-EB16-C54F50A101D1}"
EndProject
Global
	GlobalSection(SolutionConfigurationPlatforms) = preSolution
		Debug|Any CPU = Debug|Any CPU
		Release|Any CPU = Release|Any CPU
	EndGlobalSection
	GlobalSection(ProjectConfigurationPlatforms) = postSolution
		{186AEAE5-E82D-6C6E-9CF0-011BE48C1A9C}.Debug|Any CPU.ActiveCfg = Debug|Any CPU
		{186AEAE5-E82D-6C6E-9CF0-011BE48C1A9C}.Debug|Any CPU.Build.0 = Debug|Any CPU
		{186AEAE5-E82D-6C6E-9CF0-011BE48C1A9C}.Release|Any CPU.ActiveCfg = Release|Any CPU
		{186AEAE5-E82D-6C6E-9CF0-011BE48C1A9C}.Release|Any CPU.Build.0 = Release|Any CPU
		{21F1AC40-4EC7-C2F6-EB16-C54F50A101D1}.Debug|Any CPU.ActiveCfg = Debug|Any CPU
		{21F1AC40-4EC7-C2F6-EB16-C54F50A101D1}.Debug|Any CPU.Build.0 = Debug|Any CPU
		{21F1AC40-4EC7-C2F6-EB16-C54F50A101D1}.Release|Any CPU.ActiveCfg = Release|Any CPU
		{21F1AC40-4EC7-C2F6-EB16-C54F50A101D1}.Release|Any CPU.Build.0 = Release|Any CPU
	EndGlobalSection
	GlobalSection(SolutionProperties) = preSolution
		HideSolutionNode = FALSE
	EndGlobalSection
EndGlobal
