
Microsoft Visual Studio Solution File, Format Version 12.00
# Visual Studio 15
Project("{FAE04EC0-301F-11D3-BF4B-00C04F79EFBC}") = "Assembly-CSharp", "Assembly-CSharp.csproj", "{585FC272-29C9-9159-397B-8F622E820DAB}"
EndProject
Project("{FAE04EC0-301F-11D3-BF4B-00C04F79EFBC}") = "Assembly-CSharp-Editor", "Assembly-CSharp-Editor.csproj", "{6A57B3AF-2472-D559-BB0D-5CA5936C152F}"
EndProject
Global
	GlobalSection(SolutionConfigurationPlatforms) = preSolution
		Debug|Any CPU = Debug|Any CPU
		Release|Any CPU = Release|Any CPU
	EndGlobalSection
	GlobalSection(ProjectConfigurationPlatforms) = postSolution
		{585FC272-29C9-9159-397B-8F622E820DAB}.Debug|Any CPU.ActiveCfg = Debug|Any CPU
		{585FC272-29C9-9159-397B-8F622E820DAB}.Debug|Any CPU.Build.0 = Debug|Any CPU
		{585FC272-29C9-9159-397B-8F622E820DAB}.Release|Any CPU.ActiveCfg = Release|Any CPU
		{585FC272-29C9-9159-397B-8F622E820DAB}.Release|Any CPU.Build.0 = Release|Any CPU
		{6A57B3AF-2472-D559-BB0D-5CA5936C152F}.Debug|Any CPU.ActiveCfg = Debug|Any CPU
		{6A57B3AF-2472-D559-BB0D-5CA5936C152F}.Debug|Any CPU.Build.0 = Debug|Any CPU
		{6A57B3AF-2472-D559-BB0D-5CA5936C152F}.Release|Any CPU.ActiveCfg = Release|Any CPU
		{6A57B3AF-2472-D559-BB0D-5CA5936C152F}.Release|Any CPU.Build.0 = Release|Any CPU
	EndGlobalSection
	GlobalSection(SolutionProperties) = preSolution
		HideSolutionNode = FALSE
	EndGlobalSection
EndGlobal
